
Microsoft Visual Studio Solution File, Format Version 12.00
# Visual Studio Version 16
VisualStudioVersion = 16.0.29519.181
MinimumVisualStudioVersion = 10.0.40219.1
Project("{FAE04EC0-301F-11D3-BF4B-00C04F79EFBC}") = "TestBugIsRefreshing.Android", "TestBugIsRefreshing\TestBugIsRefreshing.Android\TestBugIsRefreshing.Android.csproj", "{21038461-721E-4C38-AE5B-3110E16C9F27}"
EndProject
Project("{FAE04EC0-301F-11D3-BF4B-00C04F79EFBC}") = "TestBugIsRefreshing", "TestBugIsRefreshing\TestBugIsRefreshing\TestBugIsRefreshing.csproj", "{0204EC37-7A2F-4B3D-A661-24484B34BA80}"
EndProject
Global
	GlobalSection(SolutionConfigurationPlatforms) = preSolution
		Debug|Any CPU = Debug|Any CPU
		Release|Any CPU = Release|Any CPU
	EndGlobalSection
	GlobalSection(ProjectConfigurationPlatforms) = postSolution
		{21038461-721E-4C38-AE5B-3110E16C9F27}.Debug|Any CPU.ActiveCfg = Debug|Any CPU
		{21038461-721E-4C38-AE5B-3110E16C9F27}.Debug|Any CPU.Build.0 = Debug|Any CPU
		{21038461-721E-4C38-AE5B-3110E16C9F27}.Debug|Any CPU.Deploy.0 = Debug|Any CPU
		{21038461-721E-4C38-AE5B-3110E16C9F27}.Release|Any CPU.ActiveCfg = Release|Any CPU
		{21038461-721E-4C38-AE5B-3110E16C9F27}.Release|Any CPU.Build.0 = Release|Any CPU
		{21038461-721E-4C38-AE5B-3110E16C9F27}.Release|Any CPU.Deploy.0 = Release|Any CPU
		{0204EC37-7A2F-4B3D-A661-24484B34BA80}.Debug|Any CPU.ActiveCfg = Debug|Any CPU
		{0204EC37-7A2F-4B3D-A661-24484B34BA80}.Debug|Any CPU.Build.0 = Debug|Any CPU
		{0204EC37-7A2F-4B3D-A661-24484B34BA80}.Debug|Any CPU.Deploy.0 = Debug|Any CPU
		{0204EC37-7A2F-4B3D-A661-24484B34BA80}.Release|Any CPU.ActiveCfg = Release|Any CPU
		{0204EC37-7A2F-4B3D-A661-24484B34BA80}.Release|Any CPU.Build.0 = Release|Any CPU
		{0204EC37-7A2F-4B3D-A661-24484B34BA80}.Release|Any CPU.Deploy.0 = Release|Any CPU
	EndGlobalSection
	GlobalSection(SolutionProperties) = preSolution
		HideSolutionNode = FALSE
	EndGlobalSection
	GlobalSection(ExtensibilityGlobals) = postSolution
		SolutionGuid = {00DA9B28-8CFD-4C95-9D98-1801BC0BD00B}
	EndGlobalSection
EndGlobal
